{
  "requires": true,
  "lockfileVersion": 1,
  "dependencies": {
    "css-doodle": {
      "version": "0.7.1",
      "resolved": "https://registry.npmjs.org/css-doodle/-/css-doodle-0.7.1.tgz",
      "integrity": "sha512-TRs+7YLgP/yc0EdrL5Us2GRHbhIgf4GsQWAt5WdRxr5pwwpWl8Q9jZle431Z/5u5C29jiEoItjIaKE84xFh+kA=="
    }
  }
}
